
Microsoft Visual Studio Solution File, Format Version 12.00
# Visual Studio 14
VisualStudioVersion = 14.0.25420.1
MinimumVisualStudioVersion = 10.0.40219.1
Project("{FAE04EC0-301F-11D3-BF4B-00C04F79EFBC}") = "PatientInquiryPrototype", "PatientInquiryPrototype\PatientInquiryPrototype.csproj", "{0E7A57E8-691A-40AC-AEEF-68A427A1CBD8}"
EndProject
Project("{FAE04EC0-301F-11D3-BF4B-00C04F79EFBC}") = "PatientInquiryServices", "PatientInquiryServices\PatientInquiryServices.csproj", "{8C6CBDA3-3AF8-4D8B-B069-51C2A2A300A0}"
EndProject
Global
	GlobalSection(SolutionConfigurationPlatforms) = preSolution
		Debug|Any CPU = Debug|Any CPU
		Release|Any CPU = Release|Any CPU
	EndGlobalSection
	GlobalSection(ProjectConfigurationPlatforms) = postSolution
		{0E7A57E8-691A-40AC-AEEF-68A427A1CBD8}.Debug|Any CPU.ActiveCfg = Debug|Any CPU
		{0E7A57E8-691A-40AC-AEEF-68A427A1CBD8}.Debug|Any CPU.Build.0 = Debug|Any CPU
		{0E7A57E8-691A-40AC-AEEF-68A427A1CBD8}.Release|Any CPU.ActiveCfg = Release|Any CPU
		{0E7A57E8-691A-40AC-AEEF-68A427A1CBD8}.Release|Any CPU.Build.0 = Release|Any CPU
		{8C6CBDA3-3AF8-4D8B-B069-51C2A2A300A0}.Debug|Any CPU.ActiveCfg = Debug|Any CPU
		{8C6CBDA3-3AF8-4D8B-B069-51C2A2A300A0}.Debug|Any CPU.Build.0 = Debug|Any CPU
		{8C6CBDA3-3AF8-4D8B-B069-51C2A2A300A0}.Release|Any CPU.ActiveCfg = Release|Any CPU
		{8C6CBDA3-3AF8-4D8B-B069-51C2A2A300A0}.Release|Any CPU.Build.0 = Release|Any CPU
	EndGlobalSection
	GlobalSection(SolutionProperties) = preSolution
		HideSolutionNode = FALSE
	EndGlobalSection
	GlobalSection(TeamFoundationVersionControl) = preSolution
		SccNumberOfProjects = 3
		SccEnterpriseProvider = {4CA58AB2-18FA-4F8D-95D4-32DDF27D184C}
		SccTeamFoundationServer = http://vstfs:8080/tfs/sunquest
		SccLocalPath0 = .
		SccProjectUniqueName1 = PatientInquiryPrototype\\PatientInquiryPrototype.csproj
		SccProjectName1 = PatientInquiryPrototype
		SccLocalPath1 = PatientInquiryPrototype
		SccProjectUniqueName2 = PatientInquiryServices\\PatientInquiryServices.csproj
		SccProjectName2 = PatientInquiryServices
		SccLocalPath2 = PatientInquiryServices
	EndGlobalSection
EndGlobal
